// !$*UTF8*$!
{
	archiveVersion = 1;
	classes = {
	};
	objectVersion = 50;
	objects = {

/* Begin PBXBuildFile section */
		139F588C2701EC4500AE9E62 /* AppDelegate.swift in Sources */ = {isa = PBXBuildFile; fileRef = 139F588B2701EC4500AE9E62 /* AppDelegate.swift */; };
		139F588E2701EC4500AE9E62 /* SceneDelegate.swift in Sources */ = {isa = PBXBuildFile; fileRef = 139F588D2701EC4500AE9E62 /* SceneDelegate.swift */; };
		139F58902701EC4500AE9E62 /* ViewController.swift in Sources */ = {isa = PBXBuildFile; fileRef = 139F588F2701EC4500AE9E62 /* ViewController.swift */; };
		139F58932701EC4500AE9E62 /* Main.storyboard in Resources */ = {isa = PBXBuildFile; fileRef = 139F58912701EC4500AE9E62 /* Main.storyboard */; };
		139F58952701EC4600AE9E62 /* Assets.xcassets in Resources */ = {isa = PBXBuildFile; fileRef = 139F58942701EC4600AE9E62 /* Assets.xcassets */; };
		139F58982701EC4600AE9E62 /* LaunchScreen.storyboard in Resources */ = {isa = PBXBuildFile; fileRef = 139F58962701EC4600AE9E62 /* LaunchScreen.storyboard */; };
		139F58A027020D9100AE9E62 /* HomeTableViewHeader.xib in Resources */ = {isa = PBXBuildFile; fileRef = 139F589F27020D9100AE9E62 /* HomeTableViewHeader.xib */; };
		139F58A2270210A300AE9E62 /* HomeTableViewHeader.swift in Sources */ = {isa = PBXBuildFile; fileRef = 139F58A1270210A300AE9E62 /* HomeTableViewHeader.swift */; };
/* End PBXBuildFile section */

/* Begin PBXFileReference section */
		139F58882701EC4500AE9E62 /* TesteLucasGit.app */ = {isa = PBXFileReference; explicitFileType = wrapper.application; includeInIndex = 0; path = TesteLucasGit.app; sourceTree = BUILT_PRODUCTS_DIR; };
		139F588B2701EC4500AE9E62 /* AppDelegate.swift */ = {isa = PBXFileReference; lastKnownFileType = sourcecode.swift; path = AppDelegate.swift; sourceTree = "<group>"; };
		139F588D2701EC4500AE9E62 /* SceneDelegate.swift */ = {isa = PBXFileReference; lastKnownFileType = sourcecode.swift; path = SceneDelegate.swift; sourceTree = "<group>"; };
		139F588F2701EC4500AE9E62 /* ViewController.swift */ = {isa = PBXFileReference; lastKnownFileType = sourcecode.swift; path = ViewController.swift; sourceTree = "<group>"; };
		139F58922701EC4500AE9E62 /* Base */ = {isa = PBXFileReference; lastKnownFileType = file.storyboard; name = Base; path = Base.lproj/Main.storyboard; sourceTree = "<group>"; };
		139F58942701EC4600AE9E62 /* Assets.xcassets */ = {isa = PBXFileReference; lastKnownFileType = folder.assetcatalog; path = Assets.xcassets; sourceTree = "<group>"; };
		139F58972701EC4600AE9E62 /* Base */ = {isa = PBXFileReference; lastKnownFileType = file.storyboard; name = Base; path = Base.lproj/LaunchScreen.storyboard; sourceTree = "<group>"; };
		139F58992701EC4600AE9E62 /* Info.plist */ = {isa = PBXFileReference; lastKnownFileType = text.plist.xml; path = Info.plist; sourceTree = "<group>"; };
		139F589F27020D9100AE9E62 /* HomeTableViewHeader.xib */ = {isa = PBXFileReference; lastKnownFileType = file.xib; path = HomeTableViewHeader.xib; sourceTree = "<group>"; };
		139F58A1270210A300AE9E62 /* HomeTableViewHeader.swift */ = {isa = PBXFileReference; lastKnownFileType = sourcecode.swift; path = HomeTableViewHeader.swift; sourceTree = "<group>"; };
/* End PBXFileReference section */

/* Begin PBXFrameworksBuildPhase section */
		139F58852701EC4500AE9E62 /* Frameworks */ = {
			isa = PBXFrameworksBuildPhase;
			buildActionMask = 2147483647;
			files = (
			);
			runOnlyForDeploymentPostprocessing = 0;
		};
/* End PBXFrameworksBuildPhase section */

/* Begin PBXGroup section */
		139F587F2701EC4500AE9E62 = {
			isa = PBXGroup;
			children = (
				139F588A2701EC4500AE9E62 /* TesteLucasGit */,
				139F58892701EC4500AE9E62 /* Products */,
			);
			sourceTree = "<group>";
		};
		139F58892701EC4500AE9E62 /* Products */ = {
			isa = PBXGroup;
			children = (
				139F58882701EC4500AE9E62 /* TesteLucasGit.app */,
			);
			name = Products;
			sourceTree = "<group>";
		};
		139F588A2701EC4500AE9E62 /* TesteLucasGit */ = {
			isa = PBXGroup;
			children = (
				139F58A327022EDE00AE9E62 /* AppDelegate */,
				139F58A427022EF100AE9E62 /* Model */,
				139F58A527022F0000AE9E62 /* View */,
				139F58A727022F9400AE9E62 /* ViewModel */,
				139F58942701EC4600AE9E62 /* Assets.xcassets */,
				139F58962701EC4600AE9E62 /* LaunchScreen.storyboard */,
				139F58992701EC4600AE9E62 /* Info.plist */,
			);
			path = TesteLucasGit;
			sourceTree = "<group>";
		};
		139F58A327022EDE00AE9E62 /* AppDelegate */ = {
			isa = PBXGroup;
			children = (
				139F588D2701EC4500AE9E62 /* SceneDelegate.swift */,
				139F588B2701EC4500AE9E62 /* AppDelegate.swift */,
			);
			path = AppDelegate;
			sourceTree = "<group>";
		};
		139F58A427022EF100AE9E62 /* Model */ = {
			isa = PBXGroup;
			children = (
			);
			path = Model;
			sourceTree = "<group>";
		};
		139F58A527022F0000AE9E62 /* View */ = {
			isa = PBXGroup;
			children = (
				139F58A627022F6B00AE9E62 /* Header */,
				139F588F2701EC4500AE9E62 /* ViewController.swift */,
				139F58912701EC4500AE9E62 /* Main.storyboard */,
			);
			path = View;
			sourceTree = "<group>";
		};
		139F58A627022F6B00AE9E62 /* Header */ = {
			isa = PBXGroup;
			children = (
				139F58A1270210A300AE9E62 /* HomeTableViewHeader.swift */,
				139F589F27020D9100AE9E62 /* HomeTableViewHeader.xib */,
			);
			path = Header;
			sourceTree = "<group>";
		};
		139F58A727022F9400AE9E62 /* ViewModel */ = {
			isa = PBXGroup;
			children = (
			);
			path = ViewModel;
			sourceTree = "<group>";
		};
/* End PBXGroup section */

/* Begin PBXNativeTarget section */
		139F58872701EC4500AE9E62 /* TesteLucasGit */ = {
			isa = PBXNativeTarget;
			buildConfigurationList = 139F589C2701EC4600AE9E62 /* Build configuration list for PBXNativeTarget "TesteLucasGit" */;
			buildPhases = (
				139F58842701EC4500AE9E62 /* Sources */,
				139F58852701EC4500AE9E62 /* Frameworks */,
				139F58862701EC4500AE9E62 /* Resources */,
			);
			buildRules = (
			);
			dependencies = (
			);
			name = TesteLucasGit;
			productName = TesteLucasGit;
			productReference = 139F58882701EC4500AE9E62 /* TesteLucasGit.app */;
			productType = "com.apple.product-type.application";
		};
/* End PBXNativeTarget section */

/* Begin PBXProject section */
		139F58802701EC4500AE9E62 /* Project object */ = {
			isa = PBXProject;
			attributes = {
				LastSwiftUpdateCheck = 1250;
				LastUpgradeCheck = 1250;
				TargetAttributes = {
					139F58872701EC4500AE9E62 = {
						CreatedOnToolsVersion = 12.5.1;
					};
				};
			};
			buildConfigurationList = 139F58832701EC4500AE9E62 /* Build configuration list for PBXProject "TesteLucasGit" */;
			compatibilityVersion = "Xcode 9.3";
			developmentRegion = en;
			hasScannedForEncodings = 0;
			knownRegions = (
				en,
				Base,
			);
			mainGroup = 139F587F2701EC4500AE9E62;
			productRefGroup = 139F58892701EC4500AE9E62 /* Products */;
			projectDirPath = "";
			projectRoot = "";
			targets = (
				139F58872701EC4500AE9E62 /* TesteLucasGit */,
			);
		};
/* End PBXProject section */

/* Begin PBXResourcesBuildPhase section */
		139F58862701EC4500AE9E62 /* Resources */ = {
			isa = PBXResourcesBuildPhase;
			buildActionMask = 2147483647;
			files = (
				139F58982701EC4600AE9E62 /* LaunchScreen.storyboard in Resources */,
				139F58A027020D9100AE9E62 /* HomeTableViewHeader.xib in Resources */,
				139F58952701EC4600AE9E62 /* Assets.xcassets in Resources */,
				139F58932701EC4500AE9E62 /* Main.storyboard in Resources */,
			);
			runOnlyForDeploymentPostprocessing = 0;
		};
/* End PBXResourcesBuildPhase section */

/* Begin PBXSourcesBuildPhase section */
		139F58842701EC4500AE9E62 /* Sources */ = {
			isa = PBXSourcesBuildPhase;
			buildActionMask = 2147483647;
			files = (
				139F58902701EC4500AE9E62 /* ViewController.swift in Sources */,
				139F58A2270210A300AE9E62 /* HomeTableViewHeader.swift in Sources */,
				139F588C2701EC4500AE9E62 /* AppDelegate.swift in Sources */,
				139F588E2701EC4500AE9E62 /* SceneDelegate.swift in Sources */,
			);
			runOnlyForDeploymentPostprocessing = 0;
		};
/* End PBXSourcesBuildPhase section */

/* Begin PBXVariantGroup section */
		139F58912701EC4500AE9E62 /* Main.storyboard */ = {
			isa = PBXVariantGroup;
			children = (
				139F58922701EC4500AE9E62 /* Base */,
			);
			name = Main.storyboard;
			sourceTree = "<group>";
		};
		139F58962701EC4600AE9E62 /* LaunchScreen.storyboard */ = {
			isa = PBXVariantGroup;
			children = (
				139F58972701EC4600AE9E62 /* Base */,
			);
			name = LaunchScreen.storyboard;
			sourceTree = "<group>";
		};
/* End PBXVariantGroup section */

/* Begin XCBuildConfiguration section */
		139F589A2701EC4600AE9E62 /* Debug */ = {
			isa = XCBuildConfiguration;
			buildSettings = {
				ALWAYS_SEARCH_USER_PATHS = NO;
				CLANG_ANALYZER_NONNULL = YES;
				CLANG_ANALYZER_NUMBER_OBJECT_CONVERSION = YES_AGGRESSIVE;
				CLANG_CXX_LANGUAGE_STANDARD = "gnu++14";
				CLANG_CXX_LIBRARY = "libc++";
				CLANG_ENABLE_MODULES = YES;
				CLANG_ENABLE_OBJC_ARC = YES;
				CLANG_ENABLE_OBJC_WEAK = YES;
				CLANG_WARN_BLOCK_CAPTURE_AUTORELEASING = YES;
				CLANG_WARN_BOOL_CONVERSION = YES;
				CLANG_WARN_COMMA = YES;
				CLANG_WARN_CONSTANT_CONVERSION = YES;
				CLANG_WARN_DEPRECATED_OBJC_IMPLEMENTATIONS = YES;
				CLANG_WARN_DIRECT_OBJC_ISA_USAGE = YES_ERROR;
				CLANG_WARN_DOCUMENTATION_COMMENTS = YES;
				CLANG_WARN_EMPTY_BODY = YES;
				CLANG_WARN_ENUM_CONVERSION = YES;
				CLANG_WARN_INFINITE_RECURSION = YES;
				CLANG_WARN_INT_CONVERSION = YES;
				CLANG_WARN_NON_LITERAL_NULL_CONVERSION = YES;
				CLANG_WARN_OBJC_IMPLICIT_RETAIN_SELF = YES;
				CLANG_WARN_OBJC_LITERAL_CONVERSION = YES;
				CLANG_WARN_OBJC_ROOT_CLASS = YES_ERROR;
				CLANG_WARN_QUOTED_INCLUDE_IN_FRAMEWORK_HEADER = YES;
				CLANG_WARN_RANGE_LOOP_ANALYSIS = YES;
				CLANG_WARN_STRICT_PROTOTYPES = YES;
				CLANG_WARN_SUSPICIOUS_MOVE = YES;
				CLANG_WARN_UNGUARDED_AVAILABILITY = YES_AGGRESSIVE;
				CLANG_WARN_UNREACHABLE_CODE = YES;
				CLANG_WARN__DUPLICATE_METHOD_MATCH = YES;
				COPY_PHASE_STRIP = NO;
				DEBUG_INFORMATION_FORMAT = dwarf;
				ENABLE_STRICT_OBJC_MSGSEND = YES;
				ENABLE_TESTABILITY = YES;
				GCC_C_LANGUAGE_STANDARD = gnu11;
				GCC_DYNAMIC_NO_PIC = NO;
				GCC_NO_COMMON_BLOCKS = YES;
				GCC_OPTIMIZATION_LEVEL = 0;
				GCC_PREPROCESSOR_DEFINITIONS = (
					"DEBUG=1",
					"$(inherited)",
				);
				GCC_WARN_64_TO_32_BIT_CONVERSION = YES;
				GCC_WARN_ABOUT_RETURN_TYPE = YES_ERROR;
				GCC_WARN_UNDECLARED_SELECTOR = YES;
				GCC_WARN_UNINITIALIZED_AUTOS = YES_AGGRESSIVE;
				GCC_WARN_UNUSED_FUNCTION = YES;
				GCC_WARN_UNUSED_VARIABLE = YES;
				IPHONEOS_DEPLOYMENT_TARGET = 14.5;
				MTL_ENABLE_DEBUG_INFO = INCLUDE_SOURCE;
				MTL_FAST_MATH = YES;
				ONLY_ACTIVE_ARCH = YES;
				SDKROOT = iphoneos;
				SWIFT_ACTIVE_COMPILATION_CONDITIONS = DEBUG;
				SWIFT_OPTIMIZATION_LEVEL = "-Onone";
			};
			name = Debug;
		};
		139F589B2701EC4600AE9E62 /* Release */ = {
			isa = XCBuildConfiguration;
			buildSettings = {
				ALWAYS_SEARCH_USER_PATHS = NO;
				CLANG_ANALYZER_NONNULL = YES;
				CLANG_ANALYZER_NUMBER_OBJECT_CONVERSION = YES_AGGRESSIVE;
				CLANG_CXX_LANGUAGE_STANDARD = "gnu++14";
				CLANG_CXX_LIBRARY = "libc++";
				CLANG_ENABLE_MODULES = YES;
				CLANG_ENABLE_OBJC_ARC = YES;
				CLANG_ENABLE_OBJC_WEAK = YES;
				CLANG_WARN_BLOCK_CAPTURE_AUTORELEASING = YES;
				CLANG_WARN_BOOL_CONVERSION = YES;
				CLANG_WARN_COMMA = YES;
				CLANG_WARN_CONSTANT_CONVERSION = YES;
				CLANG_WARN_DEPRECATED_OBJC_IMPLEMENTATIONS = YES;
				CLANG_WARN_DIRECT_OBJC_ISA_USAGE = YES_ERROR;
				CLANG_WARN_DOCUMENTATION_COMMENTS = YES;
				CLANG_WARN_EMPTY_BODY = YES;
				CLANG_WARN_ENUM_CONVERSION = YES;
				CLANG_WARN_INFINITE_RECURSION = YES;
				CLANG_WARN_INT_CONVERSION = YES;
				CLANG_WARN_NON_LITERAL_NULL_CONVERSION = YES;
				CLANG_WARN_OBJC_IMPLICIT_RETAIN_SELF = YES;
				CLANG_WARN_OBJC_LITERAL_CONVERSION = YES;
				CLANG_WARN_OBJC_ROOT_CLASS = YES_ERROR;
				CLANG_WARN_QUOTED_INCLUDE_IN_FRAMEWORK_HEADER = YES;
				CLANG_WARN_RANGE_LOOP_ANALYSIS = YES;
				CLANG_WARN_STRICT_PROTOTYPES = YES;
				CLANG_WARN_SUSPICIOUS_MOVE = YES;
				CLANG_WARN_UNGUARDED_AVAILABILITY = YES_AGGRESSIVE;
				CLANG_WARN_UNREACHABLE_CODE = YES;
				CLANG_WARN__DUPLICATE_METHOD_MATCH = YES;
				COPY_PHASE_STRIP = NO;
				DEBUG_INFORMATION_FORMAT = "dwarf-with-dsym";
				ENABLE_NS_ASSERTIONS = NO;
				ENABLE_STRICT_OBJC_MSGSEND = YES;
				GCC_C_LANGUAGE_STANDARD = gnu11;
				GCC_NO_COMMON_BLOCKS = YES;
				GCC_WARN_64_TO_32_BIT_CONVERSION = YES;
				GCC_WARN_ABOUT_RETURN_TYPE = YES_ERROR;
				GCC_WARN_UNDECLARED_SELECTOR = YES;
				GCC_WARN_UNINITIALIZED_AUTOS = YES_AGGRESSIVE;
				GCC_WARN_UNUSED_FUNCTION = YES;
				GCC_WARN_UNUSED_VARIABLE = YES;
				IPHONEOS_DEPLOYMENT_TARGET = 14.5;
				MTL_ENABLE_DEBUG_INFO = NO;
				MTL_FAST_MATH = YES;
				SDKROOT = iphoneos;
				SWIFT_COMPILATION_MODE = wholemodule;
				SWIFT_OPTIMIZATION_LEVEL = "-O";
				VALIDATE_PRODUCT = YES;
			};
			name = Release;
		};
		139F589D2701EC4600AE9E62 /* Debug */ = {
			isa = XCBuildConfiguration;
			buildSettings = {
				ASSETCATALOG_COMPILER_APPICON_NAME = AppIcon;
				ASSETCATALOG_COMPILER_GLOBAL_ACCENT_COLOR_NAME = AccentColor;
				CODE_SIGN_STYLE = Automatic;
				DEVELOPMENT_TEAM = 952YW765Q8;
				INFOPLIST_FILE = TesteLucasGit/Info.plist;
				LD_RUNPATH_SEARCH_PATHS = (
					"$(inherited)",
					"@executable_path/Frameworks",
				);
				PRODUCT_BUNDLE_IDENTIFIER = XDS.TesteLucasGit;
				PRODUCT_NAME = "$(TARGET_NAME)";
				SWIFT_VERSION = 5.0;
				TARGETED_DEVICE_FAMILY = "1,2";
			};
			name = Debug;
		};
		139F589E2701EC4600AE9E62 /* Release */ = {
			isa = XCBuildConfiguration;
			buildSettings = {
				ASSETCATALOG_COMPILER_APPICON_NAME = AppIcon;
				ASSETCATALOG_COMPILER_GLOBAL_ACCENT_COLOR_NAME = AccentColor;
				CODE_SIGN_STYLE = Automatic;
				DEVELOPMENT_TEAM = 952YW765Q8;
				INFOPLIST_FILE = TesteLucasGit/Info.plist;
				LD_RUNPATH_SEARCH_PATHS = (
					"$(inherited)",
					"@executable_path/Frameworks",
				);
				PRODUCT_BUNDLE_IDENTIFIER = XDS.TesteLucasGit;
				PRODUCT_NAME = "$(TARGET_NAME)";
				SWIFT_VERSION = 5.0;
				TARGETED_DEVICE_FAMILY = "1,2";
			};
			name = Release;
		};
/* End XCBuildConfiguration section */

/* Begin XCConfigurationList section */
		139F58832701EC4500AE9E62 /* Build configuration list for PBXProject "TesteLucasGit" */ = {
			isa = XCConfigurationList;
			buildConfigurations = (
				139F589A2701EC4600AE9E62 /* Debug */,
				139F589B2701EC4600AE9E62 /* Release */,
			);
			defaultConfigurationIsVisible = 0;
			defaultConfigurationName = Release;
		};
		139F589C2701EC4600AE9E62 /* Build configuration list for PBXNativeTarget "TesteLucasGit" */ = {
			isa = XCConfigurationList;
			buildConfigurations = (
				139F589D2701EC4600AE9E62 /* Debug */,
				139F589E2701EC4600AE9E62 /* Release */,
			);
			defaultConfigurationIsVisible = 0;
			defaultConfigurationName = Release;
		};
/* End XCConfigurationList section */
	};
	rootObject = 139F58802701EC4500AE9E62 /* Project object */;
}
